
Microsoft Visual Studio Solution File, Format Version 12.00
# Visual Studio 15
VisualStudioVersion = 15.0.28307.705
MinimumVisualStudioVersion = 10.0.40219.1
Project("{FAE04EC0-301F-11D3-BF4B-00C04F79EFBC}") = "weekFour", "weekFour\weekFour.csproj", "{9EE44846-D7A4-43B5-8E72-AFC44E346168}"
EndProject
Project("{2150E333-8FDC-42A3-9474-1A3956D46DE8}") = "Solution Items", "Solution Items", "{D92CD6D8-0589-4116-8CCA-80E4065381B8}"
	ProjectSection(SolutionItems) = preProject
		weekFour\bin\Debug\employeeData.json = weekFour\bin\Debug\employeeData.json
	EndProjectSection
EndProject
Global
	GlobalSection(SolutionConfigurationPlatforms) = preSolution
		Debug|Any CPU = Debug|Any CPU
		Release|Any CPU = Release|Any CPU
	EndGlobalSection
	GlobalSection(ProjectConfigurationPlatforms) = postSolution
		{9EE44846-D7A4-43B5-8E72-AFC44E346168}.Debug|Any CPU.ActiveCfg = Debug|Any CPU
		{9EE44846-D7A4-43B5-8E72-AFC44E346168}.Debug|Any CPU.Build.0 = Debug|Any CPU
		{9EE44846-D7A4-43B5-8E72-AFC44E346168}.Release|Any CPU.ActiveCfg = Release|Any CPU
		{9EE44846-D7A4-43B5-8E72-AFC44E346168}.Release|Any CPU.Build.0 = Release|Any CPU
	EndGlobalSection
	GlobalSection(SolutionProperties) = preSolution
		HideSolutionNode = FALSE
	EndGlobalSection
	GlobalSection(ExtensibilityGlobals) = postSolution
		SolutionGuid = {113202F2-3BDA-4400-9058-AE1A2242414A}
	EndGlobalSection
EndGlobal
